
Microsoft Visual Studio Solution File, Format Version 12.00
# Visual Studio 15
VisualStudioVersion = 15.0.27130.2024
MinimumVisualStudioVersion = 10.0.40219.1
Project("{8BC9CEB8-8B4A-11D0-8D11-00A0C91BC942}") = "Chap1_Introduction", "Chap1_Introduction\Chap1_Introduction.vcxproj", "{3F9C9599-8E61-4BD0-8ED4-3195758C49D2}"
EndProject
Project("{8BC9CEB8-8B4A-11D0-8D11-00A0C91BC942}") = "Chap1_GameOver", "Chap1_GameOver\Chap1_GameOver.vcxproj", "{E0EC99FF-0278-4113-AEBC-92AA3E1A1C0B}"
EndProject
Project("{8BC9CEB8-8B4A-11D0-8D11-00A0C91BC942}") = "Chap1_GameOver_v2", "Chap1_GameOver_v2\Chap1_GameOver_v2.vcxproj", "{22219966-921E-4D84-84B9-8CB47DF09031}"
EndProject
Project("{8BC9CEB8-8B4A-11D0-8D11-00A0C91BC942}") = "Chap1_GameOver_v3", "Chap1_GameOver_v3\Chap1_GameOver_v3.vcxproj", "{8F0B6DDD-2BEF-44F1-B790-5C7065A01A01}"
EndProject
Project("{8BC9CEB8-8B4A-11D0-8D11-00A0C91BC942}") = "Chap1_ExpensiveCalculator", "Chap1_ExpensiveCalculator\Chap1_ExpensiveCalculator.vcxproj", "{C8951021-8039-456C-A97C-395CB9A6F0B0}"
EndProject
Project("{8BC9CEB8-8B4A-11D0-8D11-00A0C91BC942}") = "Chap1_GameStats", "Chap1_GameStats\Chap1_GameStats.vcxproj", "{EE1FBCB8-CC64-413A-952F-D115FDF16756}"
EndProject
Project("{8BC9CEB8-8B4A-11D0-8D11-00A0C91BC942}") = "Chap1_GameStats_v2", "Chap1_GameStats_v2\Chap1_GameStats_v2.vcxproj", "{2BE0F06B-23D2-4EC1-AD86-3213C1BB4865}"
EndProject
Project("{8BC9CEB8-8B4A-11D0-8D11-00A0C91BC942}") = "Chap1_GameStats_v3", "Chap1_GameStats_v3\Chap1_GameStats_v3.vcxproj", "{99F92069-3A6C-4B33-9CED-BEB934CBBE1D}"
EndProject
Project("{8BC9CEB8-8B4A-11D0-8D11-00A0C91BC942}") = "Chap1_LostFortune", "Chap1_LostFortune\Chap1_LostFortune.vcxproj", "{58C77690-59B3-4E7A-BF52-C33DA2FD3DF5}"
EndProject
Project("{8BC9CEB8-8B4A-11D0-8D11-00A0C91BC942}") = "Chap2_ScoreRater", "Chap2_ScoreRater\Chap2_ScoreRater.vcxproj", "{EEFCB06F-B182-4838-8E2B-2B402E5F0EBF}"
EndProject
Project("{8BC9CEB8-8B4A-11D0-8D11-00A0C91BC942}") = "Chap2_ScoreRater_v2", "score_rater_v2\score_rater_v2.vcxproj", "{38F431FF-EC8A-4E0A-9587-601BD27FA88D}"
EndProject
Project("{8BC9CEB8-8B4A-11D0-8D11-00A0C91BC942}") = "Chap2_ScoreRater_v3", "Chap2_ScoreRater_v3\Chap2_ScoreRater_v3.vcxproj", "{FE97F06D-BB23-414E-BF9C-4136C86ABA0B}"
EndProject
Project("{8BC9CEB8-8B4A-11D0-8D11-00A0C91BC942}") = "Chap2_MenuChooser", "Chap2_MenuChooser\Chap2_MenuChooser.vcxproj", "{426ACB7E-1F26-409D-9628-11ECE9EB4874}"
EndProject
Project("{8BC9CEB8-8B4A-11D0-8D11-00A0C91BC942}") = "Chap2_PlayAgain", "Chap2_PlayAgain\Chap2_PlayAgain.vcxproj", "{D1697371-A894-4FD7-81A8-8C5C7438B29E}"
EndProject
Project("{8BC9CEB8-8B4A-11D0-8D11-00A0C91BC942}") = "Chap2_PlayAgain_v2", "Chap2_PlayAgain_v2\Chap2_PlayAgain_v2.vcxproj", "{A8AACC2F-3C6B-4F9F-B541-56FB14AD0CA9}"
EndProject
Project("{8BC9CEB8-8B4A-11D0-8D11-00A0C91BC942}") = "Chap2_FinickyCounter", "Chap2_FinickyCounter\Chap2_FinickyCounter.vcxproj", "{D759C973-962D-46AD-9E60-91B219D27225}"
EndProject
Project("{8BC9CEB8-8B4A-11D0-8D11-00A0C91BC942}") = "Chap2_DesignersNetwork", "Chap2_DesignersNetwork\Chap2_DesignersNetwork.vcxproj", "{C9BE2616-4BDC-4B4B-95AC-539A0BABFDF1}"
EndProject
Project("{8BC9CEB8-8B4A-11D0-8D11-00A0C91BC942}") = "Chap2_DieRoller", "Chap2_DieRoller\Chap2_DieRoller.vcxproj", "{F79F08D8-2C5A-4913-B011-E69E94363C4F}"
EndProject
Project("{8BC9CEB8-8B4A-11D0-8D11-00A0C91BC942}") = "Chap2_GuessMyNumber", "Chap2_GuessMyNumber\Chap2_GuessMyNumber.vcxproj", "{2F501FD3-71A0-4B22-84E6-4507C9445688}"
EndProject
Project("{8BC9CEB8-8B4A-11D0-8D11-00A0C91BC942}") = "Chap3_Counter", "Chap3_counter\Chap3_counter.vcxproj", "{ACC7A83D-02FE-4BC0-848A-5BC5B36BEAEB}"
EndProject
Project("{8BC9CEB8-8B4A-11D0-8D11-00A0C91BC942}") = "Chap3_String_Tester", "Chap3_String_Tester\Chap3_String_Tester.vcxproj", "{AC0401BF-4E8B-4C03-838F-E70AE91DDAED}"
EndProject
Project("{8BC9CEB8-8B4A-11D0-8D11-00A0C91BC942}") = "Chap3_Heros_Inventory", "Chap3_Heros_Inventory\Chap3_Heros_Inventory.vcxproj", "{062062A9-EA93-409D-9C20-F048EC9D9BB5}"
EndProject
Project("{8BC9CEB8-8B4A-11D0-8D11-00A0C91BC942}") = "Chap3_Tic_Tac_Toe_Board", "Chap3_Tic_Tac_Toe_Board\Chap3_Tic_Tac_Toe_Board.vcxproj", "{527C97A8-051E-4F7E-A9FA-5CA7B7791795}"
EndProject
Project("{8BC9CEB8-8B4A-11D0-8D11-00A0C91BC942}") = "Chap3_Word_Jumble", "Chap3_Word_Jumble\Chap3_Word_Jumble.vcxproj", "{E0C98395-3F75-45A2-8078-F46EFEC763ED}"
EndProject
Project("{8BC9CEB8-8B4A-11D0-8D11-00A0C91BC942}") = "Chap4_Heros_Inventory", "Chap4_Heros_Inventory\Chap4_Heros_Inventory.vcxproj", "{A6768EDA-5799-4E9B-8C9C-AC141C60E63D}"
EndProject
Project("{8BC9CEB8-8B4A-11D0-8D11-00A0C91BC942}") = "Chap4_Heros_Inventory_3", "Chap4_Heros_Inventory_3\Chap4_Heros_Inventory_3.vcxproj", "{1A5F35A4-3E97-4AAB-AE10-E18C6EC95352}"
EndProject
Project("{8BC9CEB8-8B4A-11D0-8D11-00A0C91BC942}") = "Chap4_High_Scores", "Chap4_High_Scores\Chap4_High_Scores.vcxproj", "{CCA0B492-1EB0-4366-95C8-58EB4F7DC0F4}"
EndProject
Project("{8BC9CEB8-8B4A-11D0-8D11-00A0C91BC942}") = "Chap4_Hangman", "Chap4_Hangman\Chap4_Hangman.vcxproj", "{A9CE0711-0C31-40F3-B621-0D64F8220BAA}"
EndProject
Project("{8BC9CEB8-8B4A-11D0-8D11-00A0C91BC942}") = "Chap5_Instructions", "Chap5_Instructions\Chap5_Instructions.vcxproj", "{5CBEA688-DE8E-447A-A7A2-43F738A8B4EF}"
EndProject
Project("{8BC9CEB8-8B4A-11D0-8D11-00A0C91BC942}") = "Chap5_Yes_Or_No", "Chap5_Yes_Or_No\Chap5_Yes_Or_No.vcxproj", "{949749A4-5061-46E2-B8EE-5CF7575D3C6E}"
EndProject
Project("{8BC9CEB8-8B4A-11D0-8D11-00A0C91BC942}") = "Chap5_Scoping", "Chap5_Scoping\Chap5_Scoping.vcxproj", "{324AD1ED-14D2-44CD-A8BF-8BEC58C3B33D}"
EndProject
Project("{8BC9CEB8-8B4A-11D0-8D11-00A0C91BC942}") = "Chap5_Global_Reach", "Chap5_Global_Reach\Chap5_Global_Reach.vcxproj", "{9DC94714-C7B5-4847-B505-53D722074C0D}"
EndProject
Project("{8BC9CEB8-8B4A-11D0-8D11-00A0C91BC942}") = "Chap5_Give_Me_A_Number", "Chap5_Give_Me_A_Number\Chap5_Give_Me_A_Number.vcxproj", "{ADE8FE70-F885-4615-9599-EE2CF47C85D2}"
EndProject
Project("{8BC9CEB8-8B4A-11D0-8D11-00A0C91BC942}") = "Chap5_Overloading", "Chap5_Overloading\Chap5_Overloading.vcxproj", "{1161EFFF-6A71-4DD9-A171-BC0412C4F9E8}"
EndProject
Project("{8BC9CEB8-8B4A-11D0-8D11-00A0C91BC942}") = "Chap5_Inlining", "Chap5_Inlining\Chap5_Inlining.vcxproj", "{B69EE70E-5F69-4F75-8F44-B854CB5F8C3C}"
EndProject
Project("{8BC9CEB8-8B4A-11D0-8D11-00A0C91BC942}") = "Chap5_MadLib", "Chap5_MadLib\Chap5_MadLib.vcxproj", "{2D4574B1-F29D-4E38-A36C-637D8A224364}"
EndProject
Global
	GlobalSection(SolutionConfigurationPlatforms) = preSolution
		Debug|x64 = Debug|x64
		Debug|x86 = Debug|x86
		Release|x64 = Release|x64
		Release|x86 = Release|x86
	EndGlobalSection
	GlobalSection(ProjectConfigurationPlatforms) = postSolution
		{3F9C9599-8E61-4BD0-8ED4-3195758C49D2}.Debug|x64.ActiveCfg = Debug|x64
		{3F9C9599-8E61-4BD0-8ED4-3195758C49D2}.Debug|x64.Build.0 = Debug|x64
		{3F9C9599-8E61-4BD0-8ED4-3195758C49D2}.Debug|x86.ActiveCfg = Debug|Win32
		{3F9C9599-8E61-4BD0-8ED4-3195758C49D2}.Debug|x86.Build.0 = Debug|Win32
		{3F9C9599-8E61-4BD0-8ED4-3195758C49D2}.Release|x64.ActiveCfg = Release|x64
		{3F9C9599-8E61-4BD0-8ED4-3195758C49D2}.Release|x64.Build.0 = Release|x64
		{3F9C9599-8E61-4BD0-8ED4-3195758C49D2}.Release|x86.ActiveCfg = Release|Win32
		{3F9C9599-8E61-4BD0-8ED4-3195758C49D2}.Release|x86.Build.0 = Release|Win32
		{E0EC99FF-0278-4113-AEBC-92AA3E1A1C0B}.Debug|x64.ActiveCfg = Debug|x64
		{E0EC99FF-0278-4113-AEBC-92AA3E1A1C0B}.Debug|x64.Build.0 = Debug|x64
		{E0EC99FF-0278-4113-AEBC-92AA3E1A1C0B}.Debug|x86.ActiveCfg = Debug|Win32
		{E0EC99FF-0278-4113-AEBC-92AA3E1A1C0B}.Debug|x86.Build.0 = Debug|Win32
		{E0EC99FF-0278-4113-AEBC-92AA3E1A1C0B}.Release|x64.ActiveCfg = Release|x64
		{E0EC99FF-0278-4113-AEBC-92AA3E1A1C0B}.Release|x64.Build.0 = Release|x64
		{E0EC99FF-0278-4113-AEBC-92AA3E1A1C0B}.Release|x86.ActiveCfg = Release|Win32
		{E0EC99FF-0278-4113-AEBC-92AA3E1A1C0B}.Release|x86.Build.0 = Release|Win32
		{22219966-921E-4D84-84B9-8CB47DF09031}.Debug|x64.ActiveCfg = Debug|x64
		{22219966-921E-4D84-84B9-8CB47DF09031}.Debug|x64.Build.0 = Debug|x64
		{22219966-921E-4D84-84B9-8CB47DF09031}.Debug|x86.ActiveCfg = Debug|Win32
		{22219966-921E-4D84-84B9-8CB47DF09031}.Debug|x86.Build.0 = Debug|Win32
		{22219966-921E-4D84-84B9-8CB47DF09031}.Release|x64.ActiveCfg = Release|x64
		{22219966-921E-4D84-84B9-8CB47DF09031}.Release|x64.Build.0 = Release|x64
		{22219966-921E-4D84-84B9-8CB47DF09031}.Release|x86.ActiveCfg = Release|Win32
		{22219966-921E-4D84-84B9-8CB47DF09031}.Release|x86.Build.0 = Release|Win32
		{8F0B6DDD-2BEF-44F1-B790-5C7065A01A01}.Debug|x64.ActiveCfg = Debug|x64
		{8F0B6DDD-2BEF-44F1-B790-5C7065A01A01}.Debug|x64.Build.0 = Debug|x64
		{8F0B6DDD-2BEF-44F1-B790-5C7065A01A01}.Debug|x86.ActiveCfg = Debug|Win32
		{8F0B6DDD-2BEF-44F1-B790-5C7065A01A01}.Debug|x86.Build.0 = Debug|Win32
		{8F0B6DDD-2BEF-44F1-B790-5C7065A01A01}.Release|x64.ActiveCfg = Release|x64
		{8F0B6DDD-2BEF-44F1-B790-5C7065A01A01}.Release|x64.Build.0 = Release|x64
		{8F0B6DDD-2BEF-44F1-B790-5C7065A01A01}.Release|x86.ActiveCfg = Release|Win32
		{8F0B6DDD-2BEF-44F1-B790-5C7065A01A01}.Release|x86.Build.0 = Release|Win32
		{C8951021-8039-456C-A97C-395CB9A6F0B0}.Debug|x64.ActiveCfg = Debug|x64
		{C8951021-8039-456C-A97C-395CB9A6F0B0}.Debug|x64.Build.0 = Debug|x64
		{C8951021-8039-456C-A97C-395CB9A6F0B0}.Debug|x86.ActiveCfg = Debug|Win32
		{C8951021-8039-456C-A97C-395CB9A6F0B0}.Debug|x86.Build.0 = Debug|Win32
		{C8951021-8039-456C-A97C-395CB9A6F0B0}.Release|x64.ActiveCfg = Release|x64
		{C8951021-8039-456C-A97C-395CB9A6F0B0}.Release|x64.Build.0 = Release|x64
		{C8951021-8039-456C-A97C-395CB9A6F0B0}.Release|x86.ActiveCfg = Release|Win32
		{C8951021-8039-456C-A97C-395CB9A6F0B0}.Release|x86.Build.0 = Release|Win32
		{EE1FBCB8-CC64-413A-952F-D115FDF16756}.Debug|x64.ActiveCfg = Debug|x64
		{EE1FBCB8-CC64-413A-952F-D115FDF16756}.Debug|x64.Build.0 = Debug|x64
		{EE1FBCB8-CC64-413A-952F-D115FDF16756}.Debug|x86.ActiveCfg = Debug|Win32
		{EE1FBCB8-CC64-413A-952F-D115FDF16756}.Debug|x86.Build.0 = Debug|Win32
		{EE1FBCB8-CC64-413A-952F-D115FDF16756}.Release|x64.ActiveCfg = Release|x64
		{EE1FBCB8-CC64-413A-952F-D115FDF16756}.Release|x64.Build.0 = Release|x64
		{EE1FBCB8-CC64-413A-952F-D115FDF16756}.Release|x86.ActiveCfg = Release|Win32
		{EE1FBCB8-CC64-413A-952F-D115FDF16756}.Release|x86.Build.0 = Release|Win32
		{2BE0F06B-23D2-4EC1-AD86-3213C1BB4865}.Debug|x64.ActiveCfg = Debug|x64
		{2BE0F06B-23D2-4EC1-AD86-3213C1BB4865}.Debug|x64.Build.0 = Debug|x64
		{2BE0F06B-23D2-4EC1-AD86-3213C1BB4865}.Debug|x86.ActiveCfg = Debug|Win32
		{2BE0F06B-23D2-4EC1-AD86-3213C1BB4865}.Debug|x86.Build.0 = Debug|Win32
		{2BE0F06B-23D2-4EC1-AD86-3213C1BB4865}.Release|x64.ActiveCfg = Release|x64
		{2BE0F06B-23D2-4EC1-AD86-3213C1BB4865}.Release|x64.Build.0 = Release|x64
		{2BE0F06B-23D2-4EC1-AD86-3213C1BB4865}.Release|x86.ActiveCfg = Release|Win32
		{2BE0F06B-23D2-4EC1-AD86-3213C1BB4865}.Release|x86.Build.0 = Release|Win32
		{99F92069-3A6C-4B33-9CED-BEB934CBBE1D}.Debug|x64.ActiveCfg = Debug|x64
		{99F92069-3A6C-4B33-9CED-BEB934CBBE1D}.Debug|x64.Build.0 = Debug|x64
		{99F92069-3A6C-4B33-9CED-BEB934CBBE1D}.Debug|x86.ActiveCfg = Debug|Win32
		{99F92069-3A6C-4B33-9CED-BEB934CBBE1D}.Debug|x86.Build.0 = Debug|Win32
		{99F92069-3A6C-4B33-9CED-BEB934CBBE1D}.Release|x64.ActiveCfg = Release|x64
		{99F92069-3A6C-4B33-9CED-BEB934CBBE1D}.Release|x64.Build.0 = Release|x64
		{99F92069-3A6C-4B33-9CED-BEB934CBBE1D}.Release|x86.ActiveCfg = Release|Win32
		{99F92069-3A6C-4B33-9CED-BEB934CBBE1D}.Release|x86.Build.0 = Release|Win32
		{58C77690-59B3-4E7A-BF52-C33DA2FD3DF5}.Debug|x64.ActiveCfg = Debug|x64
		{58C77690-59B3-4E7A-BF52-C33DA2FD3DF5}.Debug|x64.Build.0 = Debug|x64
		{58C77690-59B3-4E7A-BF52-C33DA2FD3DF5}.Debug|x86.ActiveCfg = Debug|Win32
		{58C77690-59B3-4E7A-BF52-C33DA2FD3DF5}.Debug|x86.Build.0 = Debug|Win32
		{58C77690-59B3-4E7A-BF52-C33DA2FD3DF5}.Release|x64.ActiveCfg = Release|x64
		{58C77690-59B3-4E7A-BF52-C33DA2FD3DF5}.Release|x64.Build.0 = Release|x64
		{58C77690-59B3-4E7A-BF52-C33DA2FD3DF5}.Release|x86.ActiveCfg = Release|Win32
		{58C77690-59B3-4E7A-BF52-C33DA2FD3DF5}.Release|x86.Build.0 = Release|Win32
		{EEFCB06F-B182-4838-8E2B-2B402E5F0EBF}.Debug|x64.ActiveCfg = Debug|x64
		{EEFCB06F-B182-4838-8E2B-2B402E5F0EBF}.Debug|x64.Build.0 = Debug|x64
		{EEFCB06F-B182-4838-8E2B-2B402E5F0EBF}.Debug|x86.ActiveCfg = Debug|Win32
		{EEFCB06F-B182-4838-8E2B-2B402E5F0EBF}.Debug|x86.Build.0 = Debug|Win32
		{EEFCB06F-B182-4838-8E2B-2B402E5F0EBF}.Release|x64.ActiveCfg = Release|x64
		{EEFCB06F-B182-4838-8E2B-2B402E5F0EBF}.Release|x64.Build.0 = Release|x64
		{EEFCB06F-B182-4838-8E2B-2B402E5F0EBF}.Release|x86.ActiveCfg = Release|Win32
		{EEFCB06F-B182-4838-8E2B-2B402E5F0EBF}.Release|x86.Build.0 = Release|Win32
		{38F431FF-EC8A-4E0A-9587-601BD27FA88D}.Debug|x64.ActiveCfg = Debug|x64
		{38F431FF-EC8A-4E0A-9587-601BD27FA88D}.Debug|x64.Build.0 = Debug|x64
		{38F431FF-EC8A-4E0A-9587-601BD27FA88D}.Debug|x86.ActiveCfg = Debug|Win32
		{38F431FF-EC8A-4E0A-9587-601BD27FA88D}.Debug|x86.Build.0 = Debug|Win32
		{38F431FF-EC8A-4E0A-9587-601BD27FA88D}.Release|x64.ActiveCfg = Release|x64
		{38F431FF-EC8A-4E0A-9587-601BD27FA88D}.Release|x64.Build.0 = Release|x64
		{38F431FF-EC8A-4E0A-9587-601BD27FA88D}.Release|x86.ActiveCfg = Release|Win32
		{38F431FF-EC8A-4E0A-9587-601BD27FA88D}.Release|x86.Build.0 = Release|Win32
		{FE97F06D-BB23-414E-BF9C-4136C86ABA0B}.Debug|x64.ActiveCfg = Debug|x64
		{FE97F06D-BB23-414E-BF9C-4136C86ABA0B}.Debug|x64.Build.0 = Debug|x64
		{FE97F06D-BB23-414E-BF9C-4136C86ABA0B}.Debug|x86.ActiveCfg = Debug|Win32
		{FE97F06D-BB23-414E-BF9C-4136C86ABA0B}.Debug|x86.Build.0 = Debug|Win32
		{FE97F06D-BB23-414E-BF9C-4136C86ABA0B}.Release|x64.ActiveCfg = Release|x64
		{FE97F06D-BB23-414E-BF9C-4136C86ABA0B}.Release|x64.Build.0 = Release|x64
		{FE97F06D-BB23-414E-BF9C-4136C86ABA0B}.Release|x86.ActiveCfg = Release|Win32
		{FE97F06D-BB23-414E-BF9C-4136C86ABA0B}.Release|x86.Build.0 = Release|Win32
		{426ACB7E-1F26-409D-9628-11ECE9EB4874}.Debug|x64.ActiveCfg = Debug|x64
		{426ACB7E-1F26-409D-9628-11ECE9EB4874}.Debug|x64.Build.0 = Debug|x64
		{426ACB7E-1F26-409D-9628-11ECE9EB4874}.Debug|x86.ActiveCfg = Debug|Win32
		{426ACB7E-1F26-409D-9628-11ECE9EB4874}.Debug|x86.Build.0 = Debug|Win32
		{426ACB7E-1F26-409D-9628-11ECE9EB4874}.Release|x64.ActiveCfg = Release|x64
		{426ACB7E-1F26-409D-9628-11ECE9EB4874}.Release|x64.Build.0 = Release|x64
		{426ACB7E-1F26-409D-9628-11ECE9EB4874}.Release|x86.ActiveCfg = Release|Win32
		{426ACB7E-1F26-409D-9628-11ECE9EB4874}.Release|x86.Build.0 = Release|Win32
		{D1697371-A894-4FD7-81A8-8C5C7438B29E}.Debug|x64.ActiveCfg = Debug|x64
		{D1697371-A894-4FD7-81A8-8C5C7438B29E}.Debug|x64.Build.0 = Debug|x64
		{D1697371-A894-4FD7-81A8-8C5C7438B29E}.Debug|x86.ActiveCfg = Debug|Win32
		{D1697371-A894-4FD7-81A8-8C5C7438B29E}.Debug|x86.Build.0 = Debug|Win32
		{D1697371-A894-4FD7-81A8-8C5C7438B29E}.Release|x64.ActiveCfg = Release|x64
		{D1697371-A894-4FD7-81A8-8C5C7438B29E}.Release|x64.Build.0 = Release|x64
		{D1697371-A894-4FD7-81A8-8C5C7438B29E}.Release|x86.ActiveCfg = Release|Win32
		{D1697371-A894-4FD7-81A8-8C5C7438B29E}.Release|x86.Build.0 = Release|Win32
		{A8AACC2F-3C6B-4F9F-B541-56FB14AD0CA9}.Debug|x64.ActiveCfg = Debug|x64
		{A8AACC2F-3C6B-4F9F-B541-56FB14AD0CA9}.Debug|x64.Build.0 = Debug|x64
		{A8AACC2F-3C6B-4F9F-B541-56FB14AD0CA9}.Debug|x86.ActiveCfg = Debug|Win32
		{A8AACC2F-3C6B-4F9F-B541-56FB14AD0CA9}.Debug|x86.Build.0 = Debug|Win32
		{A8AACC2F-3C6B-4F9F-B541-56FB14AD0CA9}.Release|x64.ActiveCfg = Release|x64
		{A8AACC2F-3C6B-4F9F-B541-56FB14AD0CA9}.Release|x64.Build.0 = Release|x64
		{A8AACC2F-3C6B-4F9F-B541-56FB14AD0CA9}.Release|x86.ActiveCfg = Release|Win32
		{A8AACC2F-3C6B-4F9F-B541-56FB14AD0CA9}.Release|x86.Build.0 = Release|Win32
		{D759C973-962D-46AD-9E60-91B219D27225}.Debug|x64.ActiveCfg = Debug|x64
		{D759C973-962D-46AD-9E60-91B219D27225}.Debug|x64.Build.0 = Debug|x64
		{D759C973-962D-46AD-9E60-91B219D27225}.Debug|x86.ActiveCfg = Debug|Win32
		{D759C973-962D-46AD-9E60-91B219D27225}.Debug|x86.Build.0 = Debug|Win32
		{D759C973-962D-46AD-9E60-91B219D27225}.Release|x64.ActiveCfg = Release|x64
		{D759C973-962D-46AD-9E60-91B219D27225}.Release|x64.Build.0 = Release|x64
		{D759C973-962D-46AD-9E60-91B219D27225}.Release|x86.ActiveCfg = Release|Win32
		{D759C973-962D-46AD-9E60-91B219D27225}.Release|x86.Build.0 = Release|Win32
		{C9BE2616-4BDC-4B4B-95AC-539A0BABFDF1}.Debug|x64.ActiveCfg = Debug|x64
		{C9BE2616-4BDC-4B4B-95AC-539A0BABFDF1}.Debug|x64.Build.0 = Debug|x64
		{C9BE2616-4BDC-4B4B-95AC-539A0BABFDF1}.Debug|x86.ActiveCfg = Debug|Win32
		{C9BE2616-4BDC-4B4B-95AC-539A0BABFDF1}.Debug|x86.Build.0 = Debug|Win32
		{C9BE2616-4BDC-4B4B-95AC-539A0BABFDF1}.Release|x64.ActiveCfg = Release|x64
		{C9BE2616-4BDC-4B4B-95AC-539A0BABFDF1}.Release|x64.Build.0 = Release|x64
		{C9BE2616-4BDC-4B4B-95AC-539A0BABFDF1}.Release|x86.ActiveCfg = Release|Win32
		{C9BE2616-4BDC-4B4B-95AC-539A0BABFDF1}.Release|x86.Build.0 = Release|Win32
		{F79F08D8-2C5A-4913-B011-E69E94363C4F}.Debug|x64.ActiveCfg = Debug|x64
		{F79F08D8-2C5A-4913-B011-E69E94363C4F}.Debug|x64.Build.0 = Debug|x64
		{F79F08D8-2C5A-4913-B011-E69E94363C4F}.Debug|x86.ActiveCfg = Debug|Win32
		{F79F08D8-2C5A-4913-B011-E69E94363C4F}.Debug|x86.Build.0 = Debug|Win32
		{F79F08D8-2C5A-4913-B011-E69E94363C4F}.Release|x64.ActiveCfg = Release|x64
		{F79F08D8-2C5A-4913-B011-E69E94363C4F}.Release|x64.Build.0 = Release|x64
		{F79F08D8-2C5A-4913-B011-E69E94363C4F}.Release|x86.ActiveCfg = Release|Win32
		{F79F08D8-2C5A-4913-B011-E69E94363C4F}.Release|x86.Build.0 = Release|Win32
		{2F501FD3-71A0-4B22-84E6-4507C9445688}.Debug|x64.ActiveCfg = Debug|x64
		{2F501FD3-71A0-4B22-84E6-4507C9445688}.Debug|x64.Build.0 = Debug|x64
		{2F501FD3-71A0-4B22-84E6-4507C9445688}.Debug|x86.ActiveCfg = Debug|Win32
		{2F501FD3-71A0-4B22-84E6-4507C9445688}.Debug|x86.Build.0 = Debug|Win32
		{2F501FD3-71A0-4B22-84E6-4507C9445688}.Release|x64.ActiveCfg = Release|x64
		{2F501FD3-71A0-4B22-84E6-4507C9445688}.Release|x64.Build.0 = Release|x64
		{2F501FD3-71A0-4B22-84E6-4507C9445688}.Release|x86.ActiveCfg = Release|Win32
		{2F501FD3-71A0-4B22-84E6-4507C9445688}.Release|x86.Build.0 = Release|Win32
		{ACC7A83D-02FE-4BC0-848A-5BC5B36BEAEB}.Debug|x64.ActiveCfg = Debug|x64
		{ACC7A83D-02FE-4BC0-848A-5BC5B36BEAEB}.Debug|x64.Build.0 = Debug|x64
		{ACC7A83D-02FE-4BC0-848A-5BC5B36BEAEB}.Debug|x86.ActiveCfg = Debug|Win32
		{ACC7A83D-02FE-4BC0-848A-5BC5B36BEAEB}.Debug|x86.Build.0 = Debug|Win32
		{ACC7A83D-02FE-4BC0-848A-5BC5B36BEAEB}.Release|x64.ActiveCfg = Release|x64
		{ACC7A83D-02FE-4BC0-848A-5BC5B36BEAEB}.Release|x64.Build.0 = Release|x64
		{ACC7A83D-02FE-4BC0-848A-5BC5B36BEAEB}.Release|x86.ActiveCfg = Release|Win32
		{ACC7A83D-02FE-4BC0-848A-5BC5B36BEAEB}.Release|x86.Build.0 = Release|Win32
		{AC0401BF-4E8B-4C03-838F-E70AE91DDAED}.Debug|x64.ActiveCfg = Debug|x64
		{AC0401BF-4E8B-4C03-838F-E70AE91DDAED}.Debug|x64.Build.0 = Debug|x64
		{AC0401BF-4E8B-4C03-838F-E70AE91DDAED}.Debug|x86.ActiveCfg = Debug|Win32
		{AC0401BF-4E8B-4C03-838F-E70AE91DDAED}.Debug|x86.Build.0 = Debug|Win32
		{AC0401BF-4E8B-4C03-838F-E70AE91DDAED}.Release|x64.ActiveCfg = Release|x64
		{AC0401BF-4E8B-4C03-838F-E70AE91DDAED}.Release|x64.Build.0 = Release|x64
		{AC0401BF-4E8B-4C03-838F-E70AE91DDAED}.Release|x86.ActiveCfg = Release|Win32
		{AC0401BF-4E8B-4C03-838F-E70AE91DDAED}.Release|x86.Build.0 = Release|Win32
		{062062A9-EA93-409D-9C20-F048EC9D9BB5}.Debug|x64.ActiveCfg = Debug|x64
		{062062A9-EA93-409D-9C20-F048EC9D9BB5}.Debug|x64.Build.0 = Debug|x64
		{062062A9-EA93-409D-9C20-F048EC9D9BB5}.Debug|x86.ActiveCfg = Debug|Win32
		{062062A9-EA93-409D-9C20-F048EC9D9BB5}.Debug|x86.Build.0 = Debug|Win32
		{062062A9-EA93-409D-9C20-F048EC9D9BB5}.Release|x64.ActiveCfg = Release|x64
		{062062A9-EA93-409D-9C20-F048EC9D9BB5}.Release|x64.Build.0 = Release|x64
		{062062A9-EA93-409D-9C20-F048EC9D9BB5}.Release|x86.ActiveCfg = Release|Win32
		{062062A9-EA93-409D-9C20-F048EC9D9BB5}.Release|x86.Build.0 = Release|Win32
		{527C97A8-051E-4F7E-A9FA-5CA7B7791795}.Debug|x64.ActiveCfg = Debug|x64
		{527C97A8-051E-4F7E-A9FA-5CA7B7791795}.Debug|x64.Build.0 = Debug|x64
		{527C97A8-051E-4F7E-A9FA-5CA7B7791795}.Debug|x86.ActiveCfg = Debug|Win32
		{527C97A8-051E-4F7E-A9FA-5CA7B7791795}.Debug|x86.Build.0 = Debug|Win32
		{527C97A8-051E-4F7E-A9FA-5CA7B7791795}.Release|x64.ActiveCfg = Release|x64
		{527C97A8-051E-4F7E-A9FA-5CA7B7791795}.Release|x64.Build.0 = Release|x64
		{527C97A8-051E-4F7E-A9FA-5CA7B7791795}.Release|x86.ActiveCfg = Release|Win32
		{527C97A8-051E-4F7E-A9FA-5CA7B7791795}.Release|x86.Build.0 = Release|Win32
		{E0C98395-3F75-45A2-8078-F46EFEC763ED}.Debug|x64.ActiveCfg = Debug|x64
		{E0C98395-3F75-45A2-8078-F46EFEC763ED}.Debug|x64.Build.0 = Debug|x64
		{E0C98395-3F75-45A2-8078-F46EFEC763ED}.Debug|x86.ActiveCfg = Debug|Win32
		{E0C98395-3F75-45A2-8078-F46EFEC763ED}.Debug|x86.Build.0 = Debug|Win32
		{E0C98395-3F75-45A2-8078-F46EFEC763ED}.Release|x64.ActiveCfg = Release|x64
		{E0C98395-3F75-45A2-8078-F46EFEC763ED}.Release|x64.Build.0 = Release|x64
		{E0C98395-3F75-45A2-8078-F46EFEC763ED}.Release|x86.ActiveCfg = Release|Win32
		{E0C98395-3F75-45A2-8078-F46EFEC763ED}.Release|x86.Build.0 = Release|Win32
		{A6768EDA-5799-4E9B-8C9C-AC141C60E63D}.Debug|x64.ActiveCfg = Debug|x64
		{A6768EDA-5799-4E9B-8C9C-AC141C60E63D}.Debug|x64.Build.0 = Debug|x64
		{A6768EDA-5799-4E9B-8C9C-AC141C60E63D}.Debug|x86.ActiveCfg = Debug|Win32
		{A6768EDA-5799-4E9B-8C9C-AC141C60E63D}.Debug|x86.Build.0 = Debug|Win32
		{A6768EDA-5799-4E9B-8C9C-AC141C60E63D}.Release|x64.ActiveCfg = Release|x64
		{A6768EDA-5799-4E9B-8C9C-AC141C60E63D}.Release|x64.Build.0 = Release|x64
		{A6768EDA-5799-4E9B-8C9C-AC141C60E63D}.Release|x86.ActiveCfg = Release|Win32
		{A6768EDA-5799-4E9B-8C9C-AC141C60E63D}.Release|x86.Build.0 = Release|Win32
		{1A5F35A4-3E97-4AAB-AE10-E18C6EC95352}.Debug|x64.ActiveCfg = Debug|x64
		{1A5F35A4-3E97-4AAB-AE10-E18C6EC95352}.Debug|x64.Build.0 = Debug|x64
		{1A5F35A4-3E97-4AAB-AE10-E18C6EC95352}.Debug|x86.ActiveCfg = Debug|Win32
		{1A5F35A4-3E97-4AAB-AE10-E18C6EC95352}.Debug|x86.Build.0 = Debug|Win32
		{1A5F35A4-3E97-4AAB-AE10-E18C6EC95352}.Release|x64.ActiveCfg = Release|x64
		{1A5F35A4-3E97-4AAB-AE10-E18C6EC95352}.Release|x64.Build.0 = Release|x64
		{1A5F35A4-3E97-4AAB-AE10-E18C6EC95352}.Release|x86.ActiveCfg = Release|Win32
		{1A5F35A4-3E97-4AAB-AE10-E18C6EC95352}.Release|x86.Build.0 = Release|Win32
		{CCA0B492-1EB0-4366-95C8-58EB4F7DC0F4}.Debug|x64.ActiveCfg = Debug|x64
		{CCA0B492-1EB0-4366-95C8-58EB4F7DC0F4}.Debug|x64.Build.0 = Debug|x64
		{CCA0B492-1EB0-4366-95C8-58EB4F7DC0F4}.Debug|x86.ActiveCfg = Debug|Win32
		{CCA0B492-1EB0-4366-95C8-58EB4F7DC0F4}.Debug|x86.Build.0 = Debug|Win32
		{CCA0B492-1EB0-4366-95C8-58EB4F7DC0F4}.Release|x64.ActiveCfg = Release|x64
		{CCA0B492-1EB0-4366-95C8-58EB4F7DC0F4}.Release|x64.Build.0 = Release|x64
		{CCA0B492-1EB0-4366-95C8-58EB4F7DC0F4}.Release|x86.ActiveCfg = Release|Win32
		{CCA0B492-1EB0-4366-95C8-58EB4F7DC0F4}.Release|x86.Build.0 = Release|Win32
		{A9CE0711-0C31-40F3-B621-0D64F8220BAA}.Debug|x64.ActiveCfg = Debug|x64
		{A9CE0711-0C31-40F3-B621-0D64F8220BAA}.Debug|x64.Build.0 = Debug|x64
		{A9CE0711-0C31-40F3-B621-0D64F8220BAA}.Debug|x86.ActiveCfg = Debug|Win32
		{A9CE0711-0C31-40F3-B621-0D64F8220BAA}.Debug|x86.Build.0 = Debug|Win32
		{A9CE0711-0C31-40F3-B621-0D64F8220BAA}.Release|x64.ActiveCfg = Release|x64
		{A9CE0711-0C31-40F3-B621-0D64F8220BAA}.Release|x64.Build.0 = Release|x64
		{A9CE0711-0C31-40F3-B621-0D64F8220BAA}.Release|x86.ActiveCfg = Release|Win32
		{A9CE0711-0C31-40F3-B621-0D64F8220BAA}.Release|x86.Build.0 = Release|Win32
		{5CBEA688-DE8E-447A-A7A2-43F738A8B4EF}.Debug|x64.ActiveCfg = Debug|x64
		{5CBEA688-DE8E-447A-A7A2-43F738A8B4EF}.Debug|x64.Build.0 = Debug|x64
		{5CBEA688-DE8E-447A-A7A2-43F738A8B4EF}.Debug|x86.ActiveCfg = Debug|Win32
		{5CBEA688-DE8E-447A-A7A2-43F738A8B4EF}.Debug|x86.Build.0 = Debug|Win32
		{5CBEA688-DE8E-447A-A7A2-43F738A8B4EF}.Release|x64.ActiveCfg = Release|x64
		{5CBEA688-DE8E-447A-A7A2-43F738A8B4EF}.Release|x64.Build.0 = Release|x64
		{5CBEA688-DE8E-447A-A7A2-43F738A8B4EF}.Release|x86.ActiveCfg = Release|Win32
		{5CBEA688-DE8E-447A-A7A2-43F738A8B4EF}.Release|x86.Build.0 = Release|Win32
		{949749A4-5061-46E2-B8EE-5CF7575D3C6E}.Debug|x64.ActiveCfg = Debug|x64
		{949749A4-5061-46E2-B8EE-5CF7575D3C6E}.Debug|x64.Build.0 = Debug|x64
		{949749A4-5061-46E2-B8EE-5CF7575D3C6E}.Debug|x86.ActiveCfg = Debug|Win32
		{949749A4-5061-46E2-B8EE-5CF7575D3C6E}.Debug|x86.Build.0 = Debug|Win32
		{949749A4-5061-46E2-B8EE-5CF7575D3C6E}.Release|x64.ActiveCfg = Release|x64
		{949749A4-5061-46E2-B8EE-5CF7575D3C6E}.Release|x64.Build.0 = Release|x64
		{949749A4-5061-46E2-B8EE-5CF7575D3C6E}.Release|x86.ActiveCfg = Release|Win32
		{949749A4-5061-46E2-B8EE-5CF7575D3C6E}.Release|x86.Build.0 = Release|Win32
		{324AD1ED-14D2-44CD-A8BF-8BEC58C3B33D}.Debug|x64.ActiveCfg = Debug|x64
		{324AD1ED-14D2-44CD-A8BF-8BEC58C3B33D}.Debug|x64.Build.0 = Debug|x64
		{324AD1ED-14D2-44CD-A8BF-8BEC58C3B33D}.Debug|x86.ActiveCfg = Debug|Win32
		{324AD1ED-14D2-44CD-A8BF-8BEC58C3B33D}.Debug|x86.Build.0 = Debug|Win32
		{324AD1ED-14D2-44CD-A8BF-8BEC58C3B33D}.Release|x64.ActiveCfg = Release|x64
		{324AD1ED-14D2-44CD-A8BF-8BEC58C3B33D}.Release|x64.Build.0 = Release|x64
		{324AD1ED-14D2-44CD-A8BF-8BEC58C3B33D}.Release|x86.ActiveCfg = Release|Win32
		{324AD1ED-14D2-44CD-A8BF-8BEC58C3B33D}.Release|x86.Build.0 = Release|Win32
		{9DC94714-C7B5-4847-B505-53D722074C0D}.Debug|x64.ActiveCfg = Debug|x64
		{9DC94714-C7B5-4847-B505-53D722074C0D}.Debug|x64.Build.0 = Debug|x64
		{9DC94714-C7B5-4847-B505-53D722074C0D}.Debug|x86.ActiveCfg = Debug|Win32
		{9DC94714-C7B5-4847-B505-53D722074C0D}.Debug|x86.Build.0 = Debug|Win32
		{9DC94714-C7B5-4847-B505-53D722074C0D}.Release|x64.ActiveCfg = Release|x64
		{9DC94714-C7B5-4847-B505-53D722074C0D}.Release|x64.Build.0 = Release|x64
		{9DC94714-C7B5-4847-B505-53D722074C0D}.Release|x86.ActiveCfg = Release|Win32
		{9DC94714-C7B5-4847-B505-53D722074C0D}.Release|x86.Build.0 = Release|Win32
		{ADE8FE70-F885-4615-9599-EE2CF47C85D2}.Debug|x64.ActiveCfg = Debug|x64
		{ADE8FE70-F885-4615-9599-EE2CF47C85D2}.Debug|x64.Build.0 = Debug|x64
		{ADE8FE70-F885-4615-9599-EE2CF47C85D2}.Debug|x86.ActiveCfg = Debug|Win32
		{ADE8FE70-F885-4615-9599-EE2CF47C85D2}.Debug|x86.Build.0 = Debug|Win32
		{ADE8FE70-F885-4615-9599-EE2CF47C85D2}.Release|x64.ActiveCfg = Release|x64
		{ADE8FE70-F885-4615-9599-EE2CF47C85D2}.Release|x64.Build.0 = Release|x64
		{ADE8FE70-F885-4615-9599-EE2CF47C85D2}.Release|x86.ActiveCfg = Release|Win32
		{ADE8FE70-F885-4615-9599-EE2CF47C85D2}.Release|x86.Build.0 = Release|Win32
		{1161EFFF-6A71-4DD9-A171-BC0412C4F9E8}.Debug|x64.ActiveCfg = Debug|x64
		{1161EFFF-6A71-4DD9-A171-BC0412C4F9E8}.Debug|x64.Build.0 = Debug|x64
		{1161EFFF-6A71-4DD9-A171-BC0412C4F9E8}.Debug|x86.ActiveCfg = Debug|Win32
		{1161EFFF-6A71-4DD9-A171-BC0412C4F9E8}.Debug|x86.Build.0 = Debug|Win32
		{1161EFFF-6A71-4DD9-A171-BC0412C4F9E8}.Release|x64.ActiveCfg = Release|x64
		{1161EFFF-6A71-4DD9-A171-BC0412C4F9E8}.Release|x64.Build.0 = Release|x64
		{1161EFFF-6A71-4DD9-A171-BC0412C4F9E8}.Release|x86.ActiveCfg = Release|Win32
		{1161EFFF-6A71-4DD9-A171-BC0412C4F9E8}.Release|x86.Build.0 = Release|Win32
		{B69EE70E-5F69-4F75-8F44-B854CB5F8C3C}.Debug|x64.ActiveCfg = Debug|x64
		{B69EE70E-5F69-4F75-8F44-B854CB5F8C3C}.Debug|x64.Build.0 = Debug|x64
		{B69EE70E-5F69-4F75-8F44-B854CB5F8C3C}.Debug|x86.ActiveCfg = Debug|Win32
		{B69EE70E-5F69-4F75-8F44-B854CB5F8C3C}.Debug|x86.Build.0 = Debug|Win32
		{B69EE70E-5F69-4F75-8F44-B854CB5F8C3C}.Release|x64.ActiveCfg = Release|x64
		{B69EE70E-5F69-4F75-8F44-B854CB5F8C3C}.Release|x64.Build.0 = Release|x64
		{B69EE70E-5F69-4F75-8F44-B854CB5F8C3C}.Release|x86.ActiveCfg = Release|Win32
		{B69EE70E-5F69-4F75-8F44-B854CB5F8C3C}.Release|x86.Build.0 = Release|Win32
		{2D4574B1-F29D-4E38-A36C-637D8A224364}.Debug|x64.ActiveCfg = Debug|x64
		{2D4574B1-F29D-4E38-A36C-637D8A224364}.Debug|x64.Build.0 = Debug|x64
		{2D4574B1-F29D-4E38-A36C-637D8A224364}.Debug|x86.ActiveCfg = Debug|Win32
		{2D4574B1-F29D-4E38-A36C-637D8A224364}.Debug|x86.Build.0 = Debug|Win32
		{2D4574B1-F29D-4E38-A36C-637D8A224364}.Release|x64.ActiveCfg = Release|x64
		{2D4574B1-F29D-4E38-A36C-637D8A224364}.Release|x64.Build.0 = Release|x64
		{2D4574B1-F29D-4E38-A36C-637D8A224364}.Release|x86.ActiveCfg = Release|Win32
		{2D4574B1-F29D-4E38-A36C-637D8A224364}.Release|x86.Build.0 = Release|Win32
	EndGlobalSection
	GlobalSection(SolutionProperties) = preSolution
		HideSolutionNode = FALSE
	EndGlobalSection
	GlobalSection(ExtensibilityGlobals) = postSolution
		SolutionGuid = {F78D4081-D18F-44E7-BE85-EF7923DA0104}
	EndGlobalSection
EndGlobal
