
Microsoft Visual Studio Solution File, Format Version 12.00
# Visual Studio 15
VisualStudioVersion = 15.0.27130.2024
MinimumVisualStudioVersion = 10.0.40219.1
Project("{8BC9CEB8-8B4A-11D0-8D11-00A0C91BC942}") = "CPlusPlus_Game_Programming", "CPlusPlus_Game_Programming\CPlusPlus_Game_Programming.vcxproj", "{10478CCF-416D-4BF8-92EC-B227A2D0A2C4}"
EndProject
Project("{8BC9CEB8-8B4A-11D0-8D11-00A0C91BC942}") = "Chap1_Introduction", "Chap1_Introduction\Chap1_Introduction.vcxproj", "{3F9C9599-8E61-4BD0-8ED4-3195758C49D2}"
EndProject
Project("{8BC9CEB8-8B4A-11D0-8D11-00A0C91BC942}") = "Chap1_GameOver", "Chap1_GameOver\Chap1_GameOver.vcxproj", "{E0EC99FF-0278-4113-AEBC-92AA3E1A1C0B}"
EndProject
Project("{8BC9CEB8-8B4A-11D0-8D11-00A0C91BC942}") = "Chap1_GameOver_v2", "Chap1_GameOver_v2\Chap1_GameOver_v2.vcxproj", "{22219966-921E-4D84-84B9-8CB47DF09031}"
EndProject
Project("{8BC9CEB8-8B4A-11D0-8D11-00A0C91BC942}") = "Chap1_GameOver_v3", "Chap1_GameOver_v3\Chap1_GameOver_v3.vcxproj", "{8F0B6DDD-2BEF-44F1-B790-5C7065A01A01}"
EndProject
Project("{8BC9CEB8-8B4A-11D0-8D11-00A0C91BC942}") = "Chap1_ExpensiveCalculator", "Chap1_ExpensiveCalculator\Chap1_ExpensiveCalculator.vcxproj", "{C8951021-8039-456C-A97C-395CB9A6F0B0}"
EndProject
Project("{8BC9CEB8-8B4A-11D0-8D11-00A0C91BC942}") = "Chap1_GameStats", "Chap1_GameStats\Chap1_GameStats.vcxproj", "{EE1FBCB8-CC64-413A-952F-D115FDF16756}"
EndProject
Project("{8BC9CEB8-8B4A-11D0-8D11-00A0C91BC942}") = "Chap1_GameStats_v2", "Chap1_GameStats_v2\Chap1_GameStats_v2.vcxproj", "{2BE0F06B-23D2-4EC1-AD86-3213C1BB4865}"
EndProject
Project("{8BC9CEB8-8B4A-11D0-8D11-00A0C91BC942}") = "Chap1_GameStats_v3", "Chap1_GameStats_v3\Chap1_GameStats_v3.vcxproj", "{99F92069-3A6C-4B33-9CED-BEB934CBBE1D}"
EndProject
Project("{8BC9CEB8-8B4A-11D0-8D11-00A0C91BC942}") = "Chap1_LostFortune", "Chap1_LostFortune\Chap1_LostFortune.vcxproj", "{58C77690-59B3-4E7A-BF52-C33DA2FD3DF5}"
EndProject
Project("{8BC9CEB8-8B4A-11D0-8D11-00A0C91BC942}") = "Chap2_ScoreRater", "Chap2_ScoreRater\Chap2_ScoreRater.vcxproj", "{EEFCB06F-B182-4838-8E2B-2B402E5F0EBF}"
EndProject
Project("{8BC9CEB8-8B4A-11D0-8D11-00A0C91BC942}") = "Chap2_ScoreRater_v2", "score_rater_v2\score_rater_v2.vcxproj", "{38F431FF-EC8A-4E0A-9587-601BD27FA88D}"
EndProject
Project("{8BC9CEB8-8B4A-11D0-8D11-00A0C91BC942}") = "Chap2_ScoreRater_v3", "Chap2_ScoreRater_v3\Chap2_ScoreRater_v3.vcxproj", "{FE97F06D-BB23-414E-BF9C-4136C86ABA0B}"
EndProject
Project("{8BC9CEB8-8B4A-11D0-8D11-00A0C91BC942}") = "Chap2_MenuChooser", "Chap2_MenuChooser\Chap2_MenuChooser.vcxproj", "{426ACB7E-1F26-409D-9628-11ECE9EB4874}"
EndProject
Project("{8BC9CEB8-8B4A-11D0-8D11-00A0C91BC942}") = "Chap2_PlayAgain", "Chap2_PlayAgain\Chap2_PlayAgain.vcxproj", "{D1697371-A894-4FD7-81A8-8C5C7438B29E}"
EndProject
Project("{8BC9CEB8-8B4A-11D0-8D11-00A0C91BC942}") = "Chap2_PlayAgain_v2", "Chap2_PlayAgain_v2\Chap2_PlayAgain_v2.vcxproj", "{A8AACC2F-3C6B-4F9F-B541-56FB14AD0CA9}"
EndProject
Project("{8BC9CEB8-8B4A-11D0-8D11-00A0C91BC942}") = "Chap2_FinickyCounter", "Chap2_FinickyCounter\Chap2_FinickyCounter.vcxproj", "{D759C973-962D-46AD-9E60-91B219D27225}"
EndProject
Project("{8BC9CEB8-8B4A-11D0-8D11-00A0C91BC942}") = "Chap2_DesignersNetwork", "Chap2_DesignersNetwork\Chap2_DesignersNetwork.vcxproj", "{C9BE2616-4BDC-4B4B-95AC-539A0BABFDF1}"
EndProject
Project("{8BC9CEB8-8B4A-11D0-8D11-00A0C91BC942}") = "Chap2_DieRoller", "Chap2_DieRoller\Chap2_DieRoller.vcxproj", "{F79F08D8-2C5A-4913-B011-E69E94363C4F}"
EndProject
Project("{8BC9CEB8-8B4A-11D0-8D11-00A0C91BC942}") = "Chap2_GuessMyNumber", "Chap2_GuessMyNumber\Chap2_GuessMyNumber.vcxproj", "{2F501FD3-71A0-4B22-84E6-4507C9445688}"
EndProject
Global
	GlobalSection(SolutionConfigurationPlatforms) = preSolution
		Debug|x64 = Debug|x64
		Debug|x86 = Debug|x86
		Release|x64 = Release|x64
		Release|x86 = Release|x86
	EndGlobalSection
	GlobalSection(ProjectConfigurationPlatforms) = postSolution
		{10478CCF-416D-4BF8-92EC-B227A2D0A2C4}.Debug|x64.ActiveCfg = Debug|x64
		{10478CCF-416D-4BF8-92EC-B227A2D0A2C4}.Debug|x64.Build.0 = Debug|x64
		{10478CCF-416D-4BF8-92EC-B227A2D0A2C4}.Debug|x86.ActiveCfg = Debug|Win32
		{10478CCF-416D-4BF8-92EC-B227A2D0A2C4}.Debug|x86.Build.0 = Debug|Win32
		{10478CCF-416D-4BF8-92EC-B227A2D0A2C4}.Release|x64.ActiveCfg = Release|x64
		{10478CCF-416D-4BF8-92EC-B227A2D0A2C4}.Release|x64.Build.0 = Release|x64
		{10478CCF-416D-4BF8-92EC-B227A2D0A2C4}.Release|x86.ActiveCfg = Release|Win32
		{10478CCF-416D-4BF8-92EC-B227A2D0A2C4}.Release|x86.Build.0 = Release|Win32
		{3F9C9599-8E61-4BD0-8ED4-3195758C49D2}.Debug|x64.ActiveCfg = Debug|x64
		{3F9C9599-8E61-4BD0-8ED4-3195758C49D2}.Debug|x64.Build.0 = Debug|x64
		{3F9C9599-8E61-4BD0-8ED4-3195758C49D2}.Debug|x86.ActiveCfg = Debug|Win32
		{3F9C9599-8E61-4BD0-8ED4-3195758C49D2}.Debug|x86.Build.0 = Debug|Win32
		{3F9C9599-8E61-4BD0-8ED4-3195758C49D2}.Release|x64.ActiveCfg = Release|x64
		{3F9C9599-8E61-4BD0-8ED4-3195758C49D2}.Release|x64.Build.0 = Release|x64
		{3F9C9599-8E61-4BD0-8ED4-3195758C49D2}.Release|x86.ActiveCfg = Release|Win32
		{3F9C9599-8E61-4BD0-8ED4-3195758C49D2}.Release|x86.Build.0 = Release|Win32
		{E0EC99FF-0278-4113-AEBC-92AA3E1A1C0B}.Debug|x64.ActiveCfg = Debug|x64
		{E0EC99FF-0278-4113-AEBC-92AA3E1A1C0B}.Debug|x64.Build.0 = Debug|x64
		{E0EC99FF-0278-4113-AEBC-92AA3E1A1C0B}.Debug|x86.ActiveCfg = Debug|Win32
		{E0EC99FF-0278-4113-AEBC-92AA3E1A1C0B}.Debug|x86.Build.0 = Debug|Win32
		{E0EC99FF-0278-4113-AEBC-92AA3E1A1C0B}.Release|x64.ActiveCfg = Release|x64
		{E0EC99FF-0278-4113-AEBC-92AA3E1A1C0B}.Release|x64.Build.0 = Release|x64
		{E0EC99FF-0278-4113-AEBC-92AA3E1A1C0B}.Release|x86.ActiveCfg = Release|Win32
		{E0EC99FF-0278-4113-AEBC-92AA3E1A1C0B}.Release|x86.Build.0 = Release|Win32
		{22219966-921E-4D84-84B9-8CB47DF09031}.Debug|x64.ActiveCfg = Debug|x64
		{22219966-921E-4D84-84B9-8CB47DF09031}.Debug|x64.Build.0 = Debug|x64
		{22219966-921E-4D84-84B9-8CB47DF09031}.Debug|x86.ActiveCfg = Debug|Win32
		{22219966-921E-4D84-84B9-8CB47DF09031}.Debug|x86.Build.0 = Debug|Win32
		{22219966-921E-4D84-84B9-8CB47DF09031}.Release|x64.ActiveCfg = Release|x64
		{22219966-921E-4D84-84B9-8CB47DF09031}.Release|x64.Build.0 = Release|x64
		{22219966-921E-4D84-84B9-8CB47DF09031}.Release|x86.ActiveCfg = Release|Win32
		{22219966-921E-4D84-84B9-8CB47DF09031}.Release|x86.Build.0 = Release|Win32
		{8F0B6DDD-2BEF-44F1-B790-5C7065A01A01}.Debug|x64.ActiveCfg = Debug|x64
		{8F0B6DDD-2BEF-44F1-B790-5C7065A01A01}.Debug|x64.Build.0 = Debug|x64
		{8F0B6DDD-2BEF-44F1-B790-5C7065A01A01}.Debug|x86.ActiveCfg = Debug|Win32
		{8F0B6DDD-2BEF-44F1-B790-5C7065A01A01}.Debug|x86.Build.0 = Debug|Win32
		{8F0B6DDD-2BEF-44F1-B790-5C7065A01A01}.Release|x64.ActiveCfg = Release|x64
		{8F0B6DDD-2BEF-44F1-B790-5C7065A01A01}.Release|x64.Build.0 = Release|x64
		{8F0B6DDD-2BEF-44F1-B790-5C7065A01A01}.Release|x86.ActiveCfg = Release|Win32
		{8F0B6DDD-2BEF-44F1-B790-5C7065A01A01}.Release|x86.Build.0 = Release|Win32
		{C8951021-8039-456C-A97C-395CB9A6F0B0}.Debug|x64.ActiveCfg = Debug|x64
		{C8951021-8039-456C-A97C-395CB9A6F0B0}.Debug|x64.Build.0 = Debug|x64
		{C8951021-8039-456C-A97C-395CB9A6F0B0}.Debug|x86.ActiveCfg = Debug|Win32
		{C8951021-8039-456C-A97C-395CB9A6F0B0}.Debug|x86.Build.0 = Debug|Win32
		{C8951021-8039-456C-A97C-395CB9A6F0B0}.Release|x64.ActiveCfg = Release|x64
		{C8951021-8039-456C-A97C-395CB9A6F0B0}.Release|x64.Build.0 = Release|x64
		{C8951021-8039-456C-A97C-395CB9A6F0B0}.Release|x86.ActiveCfg = Release|Win32
		{C8951021-8039-456C-A97C-395CB9A6F0B0}.Release|x86.Build.0 = Release|Win32
		{EE1FBCB8-CC64-413A-952F-D115FDF16756}.Debug|x64.ActiveCfg = Debug|x64
		{EE1FBCB8-CC64-413A-952F-D115FDF16756}.Debug|x64.Build.0 = Debug|x64
		{EE1FBCB8-CC64-413A-952F-D115FDF16756}.Debug|x86.ActiveCfg = Debug|Win32
		{EE1FBCB8-CC64-413A-952F-D115FDF16756}.Debug|x86.Build.0 = Debug|Win32
		{EE1FBCB8-CC64-413A-952F-D115FDF16756}.Release|x64.ActiveCfg = Release|x64
		{EE1FBCB8-CC64-413A-952F-D115FDF16756}.Release|x64.Build.0 = Release|x64
		{EE1FBCB8-CC64-413A-952F-D115FDF16756}.Release|x86.ActiveCfg = Release|Win32
		{EE1FBCB8-CC64-413A-952F-D115FDF16756}.Release|x86.Build.0 = Release|Win32
		{2BE0F06B-23D2-4EC1-AD86-3213C1BB4865}.Debug|x64.ActiveCfg = Debug|x64
		{2BE0F06B-23D2-4EC1-AD86-3213C1BB4865}.Debug|x64.Build.0 = Debug|x64
		{2BE0F06B-23D2-4EC1-AD86-3213C1BB4865}.Debug|x86.ActiveCfg = Debug|Win32
		{2BE0F06B-23D2-4EC1-AD86-3213C1BB4865}.Debug|x86.Build.0 = Debug|Win32
		{2BE0F06B-23D2-4EC1-AD86-3213C1BB4865}.Release|x64.ActiveCfg = Release|x64
		{2BE0F06B-23D2-4EC1-AD86-3213C1BB4865}.Release|x64.Build.0 = Release|x64
		{2BE0F06B-23D2-4EC1-AD86-3213C1BB4865}.Release|x86.ActiveCfg = Release|Win32
		{2BE0F06B-23D2-4EC1-AD86-3213C1BB4865}.Release|x86.Build.0 = Release|Win32
		{99F92069-3A6C-4B33-9CED-BEB934CBBE1D}.Debug|x64.ActiveCfg = Debug|x64
		{99F92069-3A6C-4B33-9CED-BEB934CBBE1D}.Debug|x64.Build.0 = Debug|x64
		{99F92069-3A6C-4B33-9CED-BEB934CBBE1D}.Debug|x86.ActiveCfg = Debug|Win32
		{99F92069-3A6C-4B33-9CED-BEB934CBBE1D}.Debug|x86.Build.0 = Debug|Win32
		{99F92069-3A6C-4B33-9CED-BEB934CBBE1D}.Release|x64.ActiveCfg = Release|x64
		{99F92069-3A6C-4B33-9CED-BEB934CBBE1D}.Release|x64.Build.0 = Release|x64
		{99F92069-3A6C-4B33-9CED-BEB934CBBE1D}.Release|x86.ActiveCfg = Release|Win32
		{99F92069-3A6C-4B33-9CED-BEB934CBBE1D}.Release|x86.Build.0 = Release|Win32
		{58C77690-59B3-4E7A-BF52-C33DA2FD3DF5}.Debug|x64.ActiveCfg = Debug|x64
		{58C77690-59B3-4E7A-BF52-C33DA2FD3DF5}.Debug|x64.Build.0 = Debug|x64
		{58C77690-59B3-4E7A-BF52-C33DA2FD3DF5}.Debug|x86.ActiveCfg = Debug|Win32
		{58C77690-59B3-4E7A-BF52-C33DA2FD3DF5}.Debug|x86.Build.0 = Debug|Win32
		{58C77690-59B3-4E7A-BF52-C33DA2FD3DF5}.Release|x64.ActiveCfg = Release|x64
		{58C77690-59B3-4E7A-BF52-C33DA2FD3DF5}.Release|x64.Build.0 = Release|x64
		{58C77690-59B3-4E7A-BF52-C33DA2FD3DF5}.Release|x86.ActiveCfg = Release|Win32
		{58C77690-59B3-4E7A-BF52-C33DA2FD3DF5}.Release|x86.Build.0 = Release|Win32
		{EEFCB06F-B182-4838-8E2B-2B402E5F0EBF}.Debug|x64.ActiveCfg = Debug|x64
		{EEFCB06F-B182-4838-8E2B-2B402E5F0EBF}.Debug|x64.Build.0 = Debug|x64
		{EEFCB06F-B182-4838-8E2B-2B402E5F0EBF}.Debug|x86.ActiveCfg = Debug|Win32
		{EEFCB06F-B182-4838-8E2B-2B402E5F0EBF}.Debug|x86.Build.0 = Debug|Win32
		{EEFCB06F-B182-4838-8E2B-2B402E5F0EBF}.Release|x64.ActiveCfg = Release|x64
		{EEFCB06F-B182-4838-8E2B-2B402E5F0EBF}.Release|x64.Build.0 = Release|x64
		{EEFCB06F-B182-4838-8E2B-2B402E5F0EBF}.Release|x86.ActiveCfg = Release|Win32
		{EEFCB06F-B182-4838-8E2B-2B402E5F0EBF}.Release|x86.Build.0 = Release|Win32
		{38F431FF-EC8A-4E0A-9587-601BD27FA88D}.Debug|x64.ActiveCfg = Debug|x64
		{38F431FF-EC8A-4E0A-9587-601BD27FA88D}.Debug|x64.Build.0 = Debug|x64
		{38F431FF-EC8A-4E0A-9587-601BD27FA88D}.Debug|x86.ActiveCfg = Debug|Win32
		{38F431FF-EC8A-4E0A-9587-601BD27FA88D}.Debug|x86.Build.0 = Debug|Win32
		{38F431FF-EC8A-4E0A-9587-601BD27FA88D}.Release|x64.ActiveCfg = Release|x64
		{38F431FF-EC8A-4E0A-9587-601BD27FA88D}.Release|x64.Build.0 = Release|x64
		{38F431FF-EC8A-4E0A-9587-601BD27FA88D}.Release|x86.ActiveCfg = Release|Win32
		{38F431FF-EC8A-4E0A-9587-601BD27FA88D}.Release|x86.Build.0 = Release|Win32
		{FE97F06D-BB23-414E-BF9C-4136C86ABA0B}.Debug|x64.ActiveCfg = Debug|x64
		{FE97F06D-BB23-414E-BF9C-4136C86ABA0B}.Debug|x64.Build.0 = Debug|x64
		{FE97F06D-BB23-414E-BF9C-4136C86ABA0B}.Debug|x86.ActiveCfg = Debug|Win32
		{FE97F06D-BB23-414E-BF9C-4136C86ABA0B}.Debug|x86.Build.0 = Debug|Win32
		{FE97F06D-BB23-414E-BF9C-4136C86ABA0B}.Release|x64.ActiveCfg = Release|x64
		{FE97F06D-BB23-414E-BF9C-4136C86ABA0B}.Release|x64.Build.0 = Release|x64
		{FE97F06D-BB23-414E-BF9C-4136C86ABA0B}.Release|x86.ActiveCfg = Release|Win32
		{FE97F06D-BB23-414E-BF9C-4136C86ABA0B}.Release|x86.Build.0 = Release|Win32
		{426ACB7E-1F26-409D-9628-11ECE9EB4874}.Debug|x64.ActiveCfg = Debug|x64
		{426ACB7E-1F26-409D-9628-11ECE9EB4874}.Debug|x64.Build.0 = Debug|x64
		{426ACB7E-1F26-409D-9628-11ECE9EB4874}.Debug|x86.ActiveCfg = Debug|Win32
		{426ACB7E-1F26-409D-9628-11ECE9EB4874}.Debug|x86.Build.0 = Debug|Win32
		{426ACB7E-1F26-409D-9628-11ECE9EB4874}.Release|x64.ActiveCfg = Release|x64
		{426ACB7E-1F26-409D-9628-11ECE9EB4874}.Release|x64.Build.0 = Release|x64
		{426ACB7E-1F26-409D-9628-11ECE9EB4874}.Release|x86.ActiveCfg = Release|Win32
		{426ACB7E-1F26-409D-9628-11ECE9EB4874}.Release|x86.Build.0 = Release|Win32
		{D1697371-A894-4FD7-81A8-8C5C7438B29E}.Debug|x64.ActiveCfg = Debug|x64
		{D1697371-A894-4FD7-81A8-8C5C7438B29E}.Debug|x64.Build.0 = Debug|x64
		{D1697371-A894-4FD7-81A8-8C5C7438B29E}.Debug|x86.ActiveCfg = Debug|Win32
		{D1697371-A894-4FD7-81A8-8C5C7438B29E}.Debug|x86.Build.0 = Debug|Win32
		{D1697371-A894-4FD7-81A8-8C5C7438B29E}.Release|x64.ActiveCfg = Release|x64
		{D1697371-A894-4FD7-81A8-8C5C7438B29E}.Release|x64.Build.0 = Release|x64
		{D1697371-A894-4FD7-81A8-8C5C7438B29E}.Release|x86.ActiveCfg = Release|Win32
		{D1697371-A894-4FD7-81A8-8C5C7438B29E}.Release|x86.Build.0 = Release|Win32
		{A8AACC2F-3C6B-4F9F-B541-56FB14AD0CA9}.Debug|x64.ActiveCfg = Debug|x64
		{A8AACC2F-3C6B-4F9F-B541-56FB14AD0CA9}.Debug|x64.Build.0 = Debug|x64
		{A8AACC2F-3C6B-4F9F-B541-56FB14AD0CA9}.Debug|x86.ActiveCfg = Debug|Win32
		{A8AACC2F-3C6B-4F9F-B541-56FB14AD0CA9}.Debug|x86.Build.0 = Debug|Win32
		{A8AACC2F-3C6B-4F9F-B541-56FB14AD0CA9}.Release|x64.ActiveCfg = Release|x64
		{A8AACC2F-3C6B-4F9F-B541-56FB14AD0CA9}.Release|x64.Build.0 = Release|x64
		{A8AACC2F-3C6B-4F9F-B541-56FB14AD0CA9}.Release|x86.ActiveCfg = Release|Win32
		{A8AACC2F-3C6B-4F9F-B541-56FB14AD0CA9}.Release|x86.Build.0 = Release|Win32
		{D759C973-962D-46AD-9E60-91B219D27225}.Debug|x64.ActiveCfg = Debug|x64
		{D759C973-962D-46AD-9E60-91B219D27225}.Debug|x64.Build.0 = Debug|x64
		{D759C973-962D-46AD-9E60-91B219D27225}.Debug|x86.ActiveCfg = Debug|Win32
		{D759C973-962D-46AD-9E60-91B219D27225}.Debug|x86.Build.0 = Debug|Win32
		{D759C973-962D-46AD-9E60-91B219D27225}.Release|x64.ActiveCfg = Release|x64
		{D759C973-962D-46AD-9E60-91B219D27225}.Release|x64.Build.0 = Release|x64
		{D759C973-962D-46AD-9E60-91B219D27225}.Release|x86.ActiveCfg = Release|Win32
		{D759C973-962D-46AD-9E60-91B219D27225}.Release|x86.Build.0 = Release|Win32
		{C9BE2616-4BDC-4B4B-95AC-539A0BABFDF1}.Debug|x64.ActiveCfg = Debug|x64
		{C9BE2616-4BDC-4B4B-95AC-539A0BABFDF1}.Debug|x64.Build.0 = Debug|x64
		{C9BE2616-4BDC-4B4B-95AC-539A0BABFDF1}.Debug|x86.ActiveCfg = Debug|Win32
		{C9BE2616-4BDC-4B4B-95AC-539A0BABFDF1}.Debug|x86.Build.0 = Debug|Win32
		{C9BE2616-4BDC-4B4B-95AC-539A0BABFDF1}.Release|x64.ActiveCfg = Release|x64
		{C9BE2616-4BDC-4B4B-95AC-539A0BABFDF1}.Release|x64.Build.0 = Release|x64
		{C9BE2616-4BDC-4B4B-95AC-539A0BABFDF1}.Release|x86.ActiveCfg = Release|Win32
		{C9BE2616-4BDC-4B4B-95AC-539A0BABFDF1}.Release|x86.Build.0 = Release|Win32
		{F79F08D8-2C5A-4913-B011-E69E94363C4F}.Debug|x64.ActiveCfg = Debug|x64
		{F79F08D8-2C5A-4913-B011-E69E94363C4F}.Debug|x64.Build.0 = Debug|x64
		{F79F08D8-2C5A-4913-B011-E69E94363C4F}.Debug|x86.ActiveCfg = Debug|Win32
		{F79F08D8-2C5A-4913-B011-E69E94363C4F}.Debug|x86.Build.0 = Debug|Win32
		{F79F08D8-2C5A-4913-B011-E69E94363C4F}.Release|x64.ActiveCfg = Release|x64
		{F79F08D8-2C5A-4913-B011-E69E94363C4F}.Release|x64.Build.0 = Release|x64
		{F79F08D8-2C5A-4913-B011-E69E94363C4F}.Release|x86.ActiveCfg = Release|Win32
		{F79F08D8-2C5A-4913-B011-E69E94363C4F}.Release|x86.Build.0 = Release|Win32
		{2F501FD3-71A0-4B22-84E6-4507C9445688}.Debug|x64.ActiveCfg = Debug|x64
		{2F501FD3-71A0-4B22-84E6-4507C9445688}.Debug|x64.Build.0 = Debug|x64
		{2F501FD3-71A0-4B22-84E6-4507C9445688}.Debug|x86.ActiveCfg = Debug|Win32
		{2F501FD3-71A0-4B22-84E6-4507C9445688}.Debug|x86.Build.0 = Debug|Win32
		{2F501FD3-71A0-4B22-84E6-4507C9445688}.Release|x64.ActiveCfg = Release|x64
		{2F501FD3-71A0-4B22-84E6-4507C9445688}.Release|x64.Build.0 = Release|x64
		{2F501FD3-71A0-4B22-84E6-4507C9445688}.Release|x86.ActiveCfg = Release|Win32
		{2F501FD3-71A0-4B22-84E6-4507C9445688}.Release|x86.Build.0 = Release|Win32
	EndGlobalSection
	GlobalSection(SolutionProperties) = preSolution
		HideSolutionNode = FALSE
	EndGlobalSection
	GlobalSection(ExtensibilityGlobals) = postSolution
		SolutionGuid = {F78D4081-D18F-44E7-BE85-EF7923DA0104}
	EndGlobalSection
EndGlobal
